{
  "name": "education-miniprogram",
  "version": "1.0.0",
  "lockfileVersion": 3,
  "requires": true,
  "packages": {
    "": {
      "name": "education-miniprogram",
      "version": "1.0.0",
      "license": "MIT",
      "dependencies": {
        "tdesign-miniprogram": "^1.4.0"
      },
      "devDependencies": {
        "miniprogram-api-typings": "^3.12.0"
      }
    },
    "node_modules/miniprogram-api-typings": {
      "version": "3.12.3",
      "resolved": "https://registry.npmmirror.com/miniprogram-api-typings/-/miniprogram-api-typings-3.12.3.tgz",
      "integrity": "sha512-o7bOfrU28MEMCBWo83nXv0ROQSBFxJcfCl4f2wTYqah64ipC5RGqLJfvWJTWhlQt2ECVwspSzM8LgvnfMo7TEQ==",
      "dev": true,
      "license": "MIT"
    },
    "node_modules/tdesign-miniprogram": {
      "version": "1.10.1",
      "resolved": "https://registry.npmmirror.com/tdesign-miniprogram/-/tdesign-miniprogram-1.10.1.tgz",
      "integrity": "sha512-rKM3JYfJGB+R9G/yp6kGVN0Kc0hKqKoQnpoWm7OVrXNsYM0dlJXwTf+WsLkQtgUyfM20taqNaxXD852Bx7IseQ==",
      "license": "MIT"
    }
  }
}
